{
  "name": "cccw1",
  "version": "1.0.0",
  "lockfileVersion": 1,
  "requires": true,
  "dependencies": {
    "@types/aws-lambda": {
      "version": "8.10.88",
      "resolved": "https://registry.npmjs.org/@types/aws-lambda/-/aws-lambda-8.10.88.tgz",
      "integrity": "sha512-Gbdr5tmGMGV1bgWDEfgNnfqtS9YVKDCkyAgYPmYIeEQFTSjU+VzVoE0Gc1MyrzREdk3Iu5daUCRU9eQL5s+iYQ==",
      "dev": true
    },
    "@types/lodash": {
      "version": "4.14.178",
      "resolved": "https://registry.npmjs.org/@types/lodash/-/lodash-4.14.178.tgz",
      "integrity": "sha512-0d5Wd09ItQWH1qFbEyQ7oTQ3GZrMfth5JkbN3EvTKLXcHLRDSXeLnlvlOn0wvxVIwK5o2M8JzP/OWz7T3NRsbw==",
      "dev": true
    },
    "@types/node": {
      "version": "17.0.4",
      "resolved": "https://registry.npmjs.org/@types/node/-/node-17.0.4.tgz",
      "integrity": "sha512-6xwbrW4JJiJLgF+zNypN5wr2ykM9/jHcL7rQ8fZe2vuftggjzZeRSM4OwRc6Xk8qWjwJ99qVHo/JgOGmomWRog==",
      "dev": true
    },
    "@vercel/ncc": {
      "version": "0.33.1",
      "resolved": "https://registry.npmjs.org/@vercel/ncc/-/ncc-0.33.1.tgz",
      "integrity": "sha512-Mlsps/P0PLZwsCFtSol23FGqT3FhBGb4B1AuGQ52JTAtXhak+b0Fh/4T55r0/SVQPeRiX9pNItOEHwakGPmZYA==",
      "dev": true
    },
    "lodash": {
      "version": "4.17.21",
      "resolved": "https://registry.npmjs.org/lodash/-/lodash-4.17.21.tgz",
      "integrity": "sha512-v2kDEe57lecTulaDIuNTPy3Ry4gLGJ6Z1O3vE1krgXZNrsQ+LFTGHVxVjcXPs17LhbZVGedAJv8XZ1tvj5FvSg=="
    },
    "typescript": {
      "version": "4.5.4",
      "resolved": "https://registry.npmjs.org/typescript/-/typescript-4.5.4.tgz",
      "integrity": "sha512-VgYs2A2QIRuGphtzFV7aQJduJ2gyfTljngLzjpfW9FoYZF6xuw1W0vW9ghCKLfcWrCFxK81CSGRAvS1pn4fIUg=="
    }
  }
}
